// !$*UTF8*$!
{
	archiveVersion = 1;
	classes = {
	};
	objectVersion = 46;
	objects = {

/* Begin PBXBuildFile section */
		263AD83D1EFD205700863490 /* AppDelegate.swift in Sources */ = {isa = PBXBuildFile; fileRef = 263AD83C1EFD205700863490 /* AppDelegate.swift */; };
		263AD83F1EFD205700863490 /* ViewController.swift in Sources */ = {isa = PBXBuildFile; fileRef = 263AD83E1EFD205700863490 /* ViewController.swift */; };
		263AD8421EFD205700863490 /* Main.storyboard in Resources */ = {isa = PBXBuildFile; fileRef = 263AD8401EFD205700863490 /* Main.storyboard */; };
		263AD8451EFD205700863490 /* SimpleStopWatch.xcdatamodeld in Sources */ = {isa = PBXBuildFile; fileRef = 263AD8431EFD205700863490 /* SimpleStopWatch.xcdatamodeld */; };
		263AD8471EFD205700863490 /* Assets.xcassets in Resources */ = {isa = PBXBuildFile; fileRef = 263AD8461EFD205700863490 /* Assets.xcassets */; };
		263AD84A1EFD205700863490 /* LaunchScreen.storyboard in Resources */ = {isa = PBXBuildFile; fileRef = 263AD8481EFD205700863490 /* LaunchScreen.storyboard */; };
		263AD8551EFD205800863490 /* SimpleStopWatchTests.swift in Sources */ = {isa = PBXBuildFile; fileRef = 263AD8541EFD205800863490 /* SimpleStopWatchTests.swift */; };
		263AD8601EFD205800863490 /* SimpleStopWatchUITests.swift in Sources */ = {isa = PBXBuildFile; fileRef = 263AD85F1EFD205800863490 /* SimpleStopWatchUITests.swift */; };
/* End PBXBuildFile section */

/* Begin PBXContainerItemProxy section */
		263AD8511EFD205800863490 /* PBXContainerItemProxy */ = {
			isa = PBXContainerItemProxy;
			containerPortal = 263AD8311EFD205700863490 /* Project object */;
			proxyType = 1;
			remoteGlobalIDString = 263AD8381EFD205700863490;
			remoteInfo = SimpleStopWatch;
		};
		263AD85C1EFD205800863490 /* PBXContainerItemProxy */ = {
			isa = PBXContainerItemProxy;
			containerPortal = 263AD8311EFD205700863490 /* Project object */;
			proxyType = 1;
			remoteGlobalIDString = 263AD8381EFD205700863490;
			remoteInfo = SimpleStopWatch;
		};
/* End PBXContainerItemProxy section */

/* Begin PBXFileReference section */
		263AD8391EFD205700863490 /* SimpleStopWatch.app */ = {isa = PBXFileReference; explicitFileType = wrapper.application; includeInIndex = 0; path = SimpleStopWatch.app; sourceTree = BUILT_PRODUCTS_DIR; };
		263AD83C1EFD205700863490 /* AppDelegate.swift */ = {isa = PBXFileReference; lastKnownFileType = sourcecode.swift; path = AppDelegate.swift; sourceTree = "<group>"; };
		263AD83E1EFD205700863490 /* ViewController.swift */ = {isa = PBXFileReference; lastKnownFileType = sourcecode.swift; path = ViewController.swift; sourceTree = "<group>"; };
		263AD8411EFD205700863490 /* Base */ = {isa = PBXFileReference; lastKnownFileType = file.storyboard; name = Base; path = Base.lproj/Main.storyboard; sourceTree = "<group>"; };
		263AD8441EFD205700863490 /* SimpleStopWatch.xcdatamodel */ = {isa = PBXFileReference; lastKnownFileType = wrapper.xcdatamodel; path = SimpleStopWatch.xcdatamodel; sourceTree = "<group>"; };
		263AD8461EFD205700863490 /* Assets.xcassets */ = {isa = PBXFileReference; lastKnownFileType = folder.assetcatalog; path = Assets.xcassets; sourceTree = "<group>"; };
		263AD8491EFD205700863490 /* Base */ = {isa = PBXFileReference; lastKnownFileType = file.storyboard; name = Base; path = Base.lproj/LaunchScreen.storyboard; sourceTree = "<group>"; };
		263AD84B1EFD205700863490 /* Info.plist */ = {isa = PBXFileReference; lastKnownFileType = text.plist.xml; path = Info.plist; sourceTree = "<group>"; };
		263AD8501EFD205800863490 /* SimpleStopWatchTests.xctest */ = {isa = PBXFileReference; explicitFileType = wrapper.cfbundle; includeInIndex = 0; path = SimpleStopWatchTests.xctest; sourceTree = BUILT_PRODUCTS_DIR; };
		263AD8541EFD205800863490 /* SimpleStopWatchTests.swift */ = {isa = PBXFileReference; lastKnownFileType = sourcecode.swift; path = SimpleStopWatchTests.swift; sourceTree = "<group>"; };
		263AD8561EFD205800863490 /* Info.plist */ = {isa = PBXFileReference; lastKnownFileType = text.plist.xml; path = Info.plist; sourceTree = "<group>"; };
		263AD85B1EFD205800863490 /* SimpleStopWatchUITests.xctest */ = {isa = PBXFileReference; explicitFileType = wrapper.cfbundle; includeInIndex = 0; path = SimpleStopWatchUITests.xctest; sourceTree = BUILT_PRODUCTS_DIR; };
		263AD85F1EFD205800863490 /* SimpleStopWatchUITests.swift */ = {isa = PBXFileReference; lastKnownFileType = sourcecode.swift; path = SimpleStopWatchUITests.swift; sourceTree = "<group>"; };
		263AD8611EFD205800863490 /* Info.plist */ = {isa = PBXFileReference; lastKnownFileType = text.plist.xml; path = Info.plist; sourceTree = "<group>"; };
/* End PBXFileReference section */

/* Begin PBXFrameworksBuildPhase section */
		263AD8361EFD205700863490 /* Frameworks */ = {
			isa = PBXFrameworksBuildPhase;
			buildActionMask = 2147483647;
			files = (
			);
			runOnlyForDeploymentPostprocessing = 0;
		};
		263AD84D1EFD205800863490 /* Frameworks */ = {
			isa = PBXFrameworksBuildPhase;
			buildActionMask = 2147483647;
			files = (
			);
			runOnlyForDeploymentPostprocessing = 0;
		};
		263AD8581EFD205800863490 /* Frameworks */ = {
			isa = PBXFrameworksBuildPhase;
			buildActionMask = 2147483647;
			files = (
			);
			runOnlyForDeploymentPostprocessing = 0;
		};
/* End PBXFrameworksBuildPhase section */

/* Begin PBXGroup section */
		263AD8301EFD205700863490 = {
			isa = PBXGroup;
			children = (
				263AD83B1EFD205700863490 /* SimpleStopWatch */,
				263AD8531EFD205800863490 /* SimpleStopWatchTests */,
				263AD85E1EFD205800863490 /* SimpleStopWatchUITests */,
				263AD83A1EFD205700863490 /* Products */,
			);
			sourceTree = "<group>";
		};
		263AD83A1EFD205700863490 /* Products */ = {
			isa = PBXGroup;
			children = (
				263AD8391EFD205700863490 /* SimpleStopWatch.app */,
				263AD8501EFD205800863490 /* SimpleStopWatchTests.xctest */,
				263AD85B1EFD205800863490 /* SimpleStopWatchUITests.xctest */,
			);
			name = Products;
			sourceTree = "<group>";
		};
		263AD83B1EFD205700863490 /* SimpleStopWatch */ = {
			isa = PBXGroup;
			children = (
				263AD83C1EFD205700863490 /* AppDelegate.swift */,
				263AD83E1EFD205700863490 /* ViewController.swift */,
				263AD8401EFD205700863490 /* Main.storyboard */,
				263AD8461EFD205700863490 /* Assets.xcassets */,
				263AD8481EFD205700863490 /* LaunchScreen.storyboard */,
				263AD84B1EFD205700863490 /* Info.plist */,
				263AD8431EFD205700863490 /* SimpleStopWatch.xcdatamodeld */,
			);
			path = SimpleStopWatch;
			sourceTree = "<group>";
		};
		263AD8531EFD205800863490 /* SimpleStopWatchTests */ = {
			isa = PBXGroup;
			children = (
				263AD8541EFD205800863490 /* SimpleStopWatchTests.swift */,
				263AD8561EFD205800863490 /* Info.plist */,
			);
			path = SimpleStopWatchTests;
			sourceTree = "<group>";
		};
		263AD85E1EFD205800863490 /* SimpleStopWatchUITests */ = {
			isa = PBXGroup;
			children = (
				263AD85F1EFD205800863490 /* SimpleStopWatchUITests.swift */,
				263AD8611EFD205800863490 /* Info.plist */,
			);
			path = SimpleStopWatchUITests;
			sourceTree = "<group>";
		};
/* End PBXGroup section */

/* Begin PBXNativeTarget section */
		263AD8381EFD205700863490 /* SimpleStopWatch */ = {
			isa = PBXNativeTarget;
			buildConfigurationList = 263AD8641EFD205800863490 /* Build configuration list for PBXNativeTarget "SimpleStopWatch" */;
			buildPhases = (
				263AD8351EFD205700863490 /* Sources */,
				263AD8361EFD205700863490 /* Frameworks */,
				263AD8371EFD205700863490 /* Resources */,
			);
			buildRules = (
			);
			dependencies = (
			);
			name = SimpleStopWatch;
			productName = SimpleStopWatch;
			productReference = 263AD8391EFD205700863490 /* SimpleStopWatch.app */;
			productType = "com.apple.product-type.application";
		};
		263AD84F1EFD205800863490 /* SimpleStopWatchTests */ = {
			isa = PBXNativeTarget;
			buildConfigurationList = 263AD8671EFD205800863490 /* Build configuration list for PBXNativeTarget "SimpleStopWatchTests" */;
			buildPhases = (
				263AD84C1EFD205800863490 /* Sources */,
				263AD84D1EFD205800863490 /* Frameworks */,
				263AD84E1EFD205800863490 /* Resources */,
			);
			buildRules = (
			);
			dependencies = (
				263AD8521EFD205800863490 /* PBXTargetDependency */,
			);
			name = SimpleStopWatchTests;
			productName = SimpleStopWatchTests;
			productReference = 263AD8501EFD205800863490 /* SimpleStopWatchTests.xctest */;
			productType = "com.apple.product-type.bundle.unit-test";
		};
		263AD85A1EFD205800863490 /* SimpleStopWatchUITests */ = {
			isa = PBXNativeTarget;
			buildConfigurationList = 263AD86A1EFD205800863490 /* Build configuration list for PBXNativeTarget "SimpleStopWatchUITests" */;
			buildPhases = (
				263AD8571EFD205800863490 /* Sources */,
				263AD8581EFD205800863490 /* Frameworks */,
				263AD8591EFD205800863490 /* Resources */,
			);
			buildRules = (
			);
			dependencies = (
				263AD85D1EFD205800863490 /* PBXTargetDependency */,
			);
			name = SimpleStopWatchUITests;
			productName = SimpleStopWatchUITests;
			productReference = 263AD85B1EFD205800863490 /* SimpleStopWatchUITests.xctest */;
			productType = "com.apple.product-type.bundle.ui-testing";
		};
/* End PBXNativeTarget section */

/* Begin PBXProject section */
		263AD8311EFD205700863490 /* Project object */ = {
			isa = PBXProject;
			attributes = {
				LastSwiftUpdateCheck = 0830;
				LastUpgradeCheck = 0830;
				ORGANIZATIONNAME = "爱见";
				TargetAttributes = {
					263AD8381EFD205700863490 = {
						CreatedOnToolsVersion = 8.3.1;
						ProvisioningStyle = Automatic;
					};
					263AD84F1EFD205800863490 = {
						CreatedOnToolsVersion = 8.3.1;
						ProvisioningStyle = Automatic;
						TestTargetID = 263AD8381EFD205700863490;
					};
					263AD85A1EFD205800863490 = {
						CreatedOnToolsVersion = 8.3.1;
						ProvisioningStyle = Automatic;
						TestTargetID = 263AD8381EFD205700863490;
					};
				};
			};
			buildConfigurationList = 263AD8341EFD205700863490 /* Build configuration list for PBXProject "SimpleStopWatch" */;
			compatibilityVersion = "Xcode 3.2";
			developmentRegion = English;
			hasScannedForEncodings = 0;
			knownRegions = (
				en,
				Base,
			);
			mainGroup = 263AD8301EFD205700863490;
			productRefGroup = 263AD83A1EFD205700863490 /* Products */;
			projectDirPath = "";
			projectRoot = "";
			targets = (
				263AD8381EFD205700863490 /* SimpleStopWatch */,
				263AD84F1EFD205800863490 /* SimpleStopWatchTests */,
				263AD85A1EFD205800863490 /* SimpleStopWatchUITests */,
			);
		};
/* End PBXProject section */

/* Begin PBXResourcesBuildPhase section */
		263AD8371EFD205700863490 /* Resources */ = {
			isa = PBXResourcesBuildPhase;
			buildActionMask = 2147483647;
			files = (
				263AD84A1EFD205700863490 /* LaunchScreen.storyboard in Resources */,
				263AD8471EFD205700863490 /* Assets.xcassets in Resources */,
				263AD8421EFD205700863490 /* Main.storyboard in Resources */,
			);
			runOnlyForDeploymentPostprocessing = 0;
		};
		263AD84E1EFD205800863490 /* Resources */ = {
			isa = PBXResourcesBuildPhase;
			buildActionMask = 2147483647;
			files = (
			);
			runOnlyForDeploymentPostprocessing = 0;
		};
		263AD8591EFD205800863490 /* Resources */ = {
			isa = PBXResourcesBuildPhase;
			buildActionMask = 2147483647;
			files = (
			);
			runOnlyForDeploymentPostprocessing = 0;
		};
/* End PBXResourcesBuildPhase section */

/* Begin PBXSourcesBuildPhase section */
		263AD8351EFD205700863490 /* Sources */ = {
			isa = PBXSourcesBuildPhase;
			buildActionMask = 2147483647;
			files = (
				263AD8451EFD205700863490 /* SimpleStopWatch.xcdatamodeld in Sources */,
				263AD83F1EFD205700863490 /* ViewController.swift in Sources */,
				263AD83D1EFD205700863490 /* AppDelegate.swift in Sources */,
			);
			runOnlyForDeploymentPostprocessing = 0;
		};
		263AD84C1EFD205800863490 /* Sources */ = {
			isa = PBXSourcesBuildPhase;
			buildActionMask = 2147483647;
			files = (
				263AD8551EFD205800863490 /* SimpleStopWatchTests.swift in Sources */,
			);
			runOnlyForDeploymentPostprocessing = 0;
		};
		263AD8571EFD205800863490 /* Sources */ = {
			isa = PBXSourcesBuildPhase;
			buildActionMask = 2147483647;
			files = (
				263AD8601EFD205800863490 /* SimpleStopWatchUITests.swift in Sources */,
			);
			runOnlyForDeploymentPostprocessing = 0;
		};
/* End PBXSourcesBuildPhase section */

/* Begin PBXTargetDependency section */
		263AD8521EFD205800863490 /* PBXTargetDependency */ = {
			isa = PBXTargetDependency;
			target = 263AD8381EFD205700863490 /* SimpleStopWatch */;
			targetProxy = 263AD8511EFD205800863490 /* PBXContainerItemProxy */;
		};
		263AD85D1EFD205800863490 /* PBXTargetDependency */ = {
			isa = PBXTargetDependency;
			target = 263AD8381EFD205700863490 /* SimpleStopWatch */;
			targetProxy = 263AD85C1EFD205800863490 /* PBXContainerItemProxy */;
		};
/* End PBXTargetDependency section */

/* Begin PBXVariantGroup section */
		263AD8401EFD205700863490 /* Main.storyboard */ = {
			isa = PBXVariantGroup;
			children = (
				263AD8411EFD205700863490 /* Base */,
			);
			name = Main.storyboard;
			sourceTree = "<group>";
		};
		263AD8481EFD205700863490 /* LaunchScreen.storyboard */ = {
			isa = PBXVariantGroup;
			children = (
				263AD8491EFD205700863490 /* Base */,
			);
			name = LaunchScreen.storyboard;
			sourceTree = "<group>";
		};
/* End PBXVariantGroup section */

/* Begin XCBuildConfiguration section */
		263AD8621EFD205800863490 /* Debug */ = {
			isa = XCBuildConfiguration;
			buildSettings = {
				ALWAYS_SEARCH_USER_PATHS = NO;
				CLANG_ANALYZER_NONNULL = YES;
				CLANG_ANALYZER_NUMBER_OBJECT_CONVERSION = YES_AGGRESSIVE;
				CLANG_CXX_LANGUAGE_STANDARD = "gnu++0x";
				CLANG_CXX_LIBRARY = "libc++";
				CLANG_ENABLE_MODULES = YES;
				CLANG_ENABLE_OBJC_ARC = YES;
				CLANG_WARN_BOOL_CONVERSION = YES;
				CLANG_WARN_CONSTANT_CONVERSION = YES;
				CLANG_WARN_DIRECT_OBJC_ISA_USAGE = YES_ERROR;
				CLANG_WARN_DOCUMENTATION_COMMENTS = YES;
				CLANG_WARN_EMPTY_BODY = YES;
				CLANG_WARN_ENUM_CONVERSION = YES;
				CLANG_WARN_INFINITE_RECURSION = YES;
				CLANG_WARN_INT_CONVERSION = YES;
				CLANG_WARN_OBJC_ROOT_CLASS = YES_ERROR;
				CLANG_WARN_SUSPICIOUS_MOVE = YES;
				CLANG_WARN_UNREACHABLE_CODE = YES;
				CLANG_WARN__DUPLICATE_METHOD_MATCH = YES;
				"CODE_SIGN_IDENTITY[sdk=iphoneos*]" = "iPhone Developer";
				COPY_PHASE_STRIP = NO;
				DEBUG_INFORMATION_FORMAT = dwarf;
				ENABLE_STRICT_OBJC_MSGSEND = YES;
				ENABLE_TESTABILITY = YES;
				GCC_C_LANGUAGE_STANDARD = gnu99;
				GCC_DYNAMIC_NO_PIC = NO;
				GCC_NO_COMMON_BLOCKS = YES;
				GCC_OPTIMIZATION_LEVEL = 0;
				GCC_PREPROCESSOR_DEFINITIONS = (
					"DEBUG=1",
					"$(inherited)",
				);
				GCC_WARN_64_TO_32_BIT_CONVERSION = YES;
				GCC_WARN_ABOUT_RETURN_TYPE = YES_ERROR;
				GCC_WARN_UNDECLARED_SELECTOR = YES;
				GCC_WARN_UNINITIALIZED_AUTOS = YES_AGGRESSIVE;
				GCC_WARN_UNUSED_FUNCTION = YES;
				GCC_WARN_UNUSED_VARIABLE = YES;
				IPHONEOS_DEPLOYMENT_TARGET = 10.3;
				MTL_ENABLE_DEBUG_INFO = YES;
				ONLY_ACTIVE_ARCH = YES;
				SDKROOT = iphoneos;
				SWIFT_ACTIVE_COMPILATION_CONDITIONS = DEBUG;
				SWIFT_OPTIMIZATION_LEVEL = "-Onone";
				TARGETED_DEVICE_FAMILY = "1,2";
			};
			name = Debug;
		};
		263AD8631EFD205800863490 /* Release */ = {
			isa = XCBuildConfiguration;
			buildSettings = {
				ALWAYS_SEARCH_USER_PATHS = NO;
				CLANG_ANALYZER_NONNULL = YES;
				CLANG_ANALYZER_NUMBER_OBJECT_CONVERSION = YES_AGGRESSIVE;
				CLANG_CXX_LANGUAGE_STANDARD = "gnu++0x";
				CLANG_CXX_LIBRARY = "libc++";
				CLANG_ENABLE_MODULES = YES;
				CLANG_ENABLE_OBJC_ARC = YES;
				CLANG_WARN_BOOL_CONVERSION = YES;
				CLANG_WARN_CONSTANT_CONVERSION = YES;
				CLANG_WARN_DIRECT_OBJC_ISA_USAGE = YES_ERROR;
				CLANG_WARN_DOCUMENTATION_COMMENTS = YES;
				CLANG_WARN_EMPTY_BODY = YES;
				CLANG_WARN_ENUM_CONVERSION = YES;
				CLANG_WARN_INFINITE_RECURSION = YES;
				CLANG_WARN_INT_CONVERSION = YES;
				CLANG_WARN_OBJC_ROOT_CLASS = YES_ERROR;
				CLANG_WARN_SUSPICIOUS_MOVE = YES;
				CLANG_WARN_UNREACHABLE_CODE = YES;
				CLANG_WARN__DUPLICATE_METHOD_MATCH = YES;
				"CODE_SIGN_IDENTITY[sdk=iphoneos*]" = "iPhone Developer";
				COPY_PHASE_STRIP = NO;
				DEBUG_INFORMATION_FORMAT = "dwarf-with-dsym";
				ENABLE_NS_ASSERTIONS = NO;
				ENABLE_STRICT_OBJC_MSGSEND = YES;
				GCC_C_LANGUAGE_STANDARD = gnu99;
				GCC_NO_COMMON_BLOCKS = YES;
				GCC_WARN_64_TO_32_BIT_CONVERSION = YES;
				GCC_WARN_ABOUT_RETURN_TYPE = YES_ERROR;
				GCC_WARN_UNDECLARED_SELECTOR = YES;
				GCC_WARN_UNINITIALIZED_AUTOS = YES_AGGRESSIVE;
				GCC_WARN_UNUSED_FUNCTION = YES;
				GCC_WARN_UNUSED_VARIABLE = YES;
				IPHONEOS_DEPLOYMENT_TARGET = 10.3;
				MTL_ENABLE_DEBUG_INFO = NO;
				SDKROOT = iphoneos;
				SWIFT_OPTIMIZATION_LEVEL = "-Owholemodule";
				TARGETED_DEVICE_FAMILY = "1,2";
				VALIDATE_PRODUCT = YES;
			};
			name = Release;
		};
		263AD8651EFD205800863490 /* Debug */ = {
			isa = XCBuildConfiguration;
			buildSettings = {
				ASSETCATALOG_COMPILER_APPICON_NAME = AppIcon;
				INFOPLIST_FILE = SimpleStopWatch/Info.plist;
				LD_RUNPATH_SEARCH_PATHS = "$(inherited) @executable_path/Frameworks";
				PRODUCT_BUNDLE_IDENTIFIER = com.aijian.SimpleStopWatch;
				PRODUCT_NAME = "$(TARGET_NAME)";
				SWIFT_VERSION = 3.0;
			};
			name = Debug;
		};
		263AD8661EFD205800863490 /* Release */ = {
			isa = XCBuildConfiguration;
			buildSettings = {
				ASSETCATALOG_COMPILER_APPICON_NAME = AppIcon;
				INFOPLIST_FILE = SimpleStopWatch/Info.plist;
				LD_RUNPATH_SEARCH_PATHS = "$(inherited) @executable_path/Frameworks";
				PRODUCT_BUNDLE_IDENTIFIER = com.aijian.SimpleStopWatch;
				PRODUCT_NAME = "$(TARGET_NAME)";
				SWIFT_VERSION = 3.0;
			};
			name = Release;
		};
		263AD8681EFD205800863490 /* Debug */ = {
			isa = XCBuildConfiguration;
			buildSettings = {
				ALWAYS_EMBED_SWIFT_STANDARD_LIBRARIES = YES;
				BUNDLE_LOADER = "$(TEST_HOST)";
				INFOPLIST_FILE = SimpleStopWatchTests/Info.plist;
				LD_RUNPATH_SEARCH_PATHS = "$(inherited) @executable_path/Frameworks @loader_path/Frameworks";
				PRODUCT_BUNDLE_IDENTIFIER = com.aijian.SimpleStopWatchTests;
				PRODUCT_NAME = "$(TARGET_NAME)";
				SWIFT_VERSION = 3.0;
				TEST_HOST = "$(BUILT_PRODUCTS_DIR)/SimpleStopWatch.app/SimpleStopWatch";
			};
			name = Debug;
		};
		263AD8691EFD205800863490 /* Release */ = {
			isa = XCBuildConfiguration;
			buildSettings = {
				ALWAYS_EMBED_SWIFT_STANDARD_LIBRARIES = YES;
				BUNDLE_LOADER = "$(TEST_HOST)";
				INFOPLIST_FILE = SimpleStopWatchTests/Info.plist;
				LD_RUNPATH_SEARCH_PATHS = "$(inherited) @executable_path/Frameworks @loader_path/Frameworks";
				PRODUCT_BUNDLE_IDENTIFIER = com.aijian.SimpleStopWatchTests;
				PRODUCT_NAME = "$(TARGET_NAME)";
				SWIFT_VERSION = 3.0;
				TEST_HOST = "$(BUILT_PRODUCTS_DIR)/SimpleStopWatch.app/SimpleStopWatch";
			};
			name = Release;
		};
		263AD86B1EFD205800863490 /* Debug */ = {
			isa = XCBuildConfiguration;
			buildSettings = {
				ALWAYS_EMBED_SWIFT_STANDARD_LIBRARIES = YES;
				INFOPLIST_FILE = SimpleStopWatchUITests/Info.plist;
				LD_RUNPATH_SEARCH_PATHS = "$(inherited) @executable_path/Frameworks @loader_path/Frameworks";
				PRODUCT_BUNDLE_IDENTIFIER = com.aijian.SimpleStopWatchUITests;
				PRODUCT_NAME = "$(TARGET_NAME)";
				SWIFT_VERSION = 3.0;
				TEST_TARGET_NAME = SimpleStopWatch;
			};
			name = Debug;
		};
		263AD86C1EFD205800863490 /* Release */ = {
			isa = XCBuildConfiguration;
			buildSettings = {
				ALWAYS_EMBED_SWIFT_STANDARD_LIBRARIES = YES;
				INFOPLIST_FILE = SimpleStopWatchUITests/Info.plist;
				LD_RUNPATH_SEARCH_PATHS = "$(inherited) @executable_path/Frameworks @loader_path/Frameworks";
				PRODUCT_BUNDLE_IDENTIFIER = com.aijian.SimpleStopWatchUITests;
				PRODUCT_NAME = "$(TARGET_NAME)";
				SWIFT_VERSION = 3.0;
				TEST_TARGET_NAME = SimpleStopWatch;
			};
			name = Release;
		};
/* End XCBuildConfiguration section */

/* Begin XCConfigurationList section */
		263AD8341EFD205700863490 /* Build configuration list for PBXProject "SimpleStopWatch" */ = {
			isa = XCConfigurationList;
			buildConfigurations = (
				263AD8621EFD205800863490 /* Debug */,
				263AD8631EFD205800863490 /* Release */,
			);
			defaultConfigurationIsVisible = 0;
			defaultConfigurationName = Release;
		};
		263AD8641EFD205800863490 /* Build configuration list for PBXNativeTarget "SimpleStopWatch" */ = {
			isa = XCConfigurationList;
			buildConfigurations = (
				263AD8651EFD205800863490 /* Debug */,
				263AD8661EFD205800863490 /* Release */,
			);
			defaultConfigurationIsVisible = 0;
		};
		263AD8671EFD205800863490 /* Build configuration list for PBXNativeTarget "SimpleStopWatchTests" */ = {
			isa = XCConfigurationList;
			buildConfigurations = (
				263AD8681EFD205800863490 /* Debug */,
				263AD8691EFD205800863490 /* Release */,
			);
			defaultConfigurationIsVisible = 0;
		};
		263AD86A1EFD205800863490 /* Build configuration list for PBXNativeTarget "SimpleStopWatchUITests" */ = {
			isa = XCConfigurationList;
			buildConfigurations = (
				263AD86B1EFD205800863490 /* Debug */,
				263AD86C1EFD205800863490 /* Release */,
			);
			defaultConfigurationIsVisible = 0;
		};
/* End XCConfigurationList section */

/* Begin XCVersionGroup section */
		263AD8431EFD205700863490 /* SimpleStopWatch.xcdatamodeld */ = {
			isa = XCVersionGroup;
			children = (
				263AD8441EFD205700863490 /* SimpleStopWatch.xcdatamodel */,
			);
			currentVersion = 263AD8441EFD205700863490 /* SimpleStopWatch.xcdatamodel */;
			path = SimpleStopWatch.xcdatamodeld;
			sourceTree = "<group>";
			versionGroupType = wrapper.xcdatamodel;
		};
/* End XCVersionGroup section */
	};
	rootObject = 263AD8311EFD205700863490 /* Project object */;
}
